
Microsoft Visual Studio Solution File, Format Version 12.00
# Visual Studio Version 17
VisualStudioVersion = 17.14.37301.10 d17.14
MinimumVisualStudioVersion = 10.0.40219.1
Project("{FAE04EC0-301F-11D3-BF4B-00C04F79EFBC}") = "mmunblockhost", "mmunblockhost.csproj", "{BAE5247C-8B5A-28D3-60C7-AE42617AA72E}"
EndProject
Global
	GlobalSection(SolutionConfigurationPlatforms) = preSolution
		Debug|Any CPU = Debug|Any CPU
		Release|Any CPU = Release|Any CPU
	EndGlobalSection
	GlobalSection(ProjectConfigurationPlatforms) = postSolution
		{BAE5247C-8B5A-28D3-60C7-AE42617AA72E}.Debug|Any CPU.ActiveCfg = Debug|Any CPU
		{BAE5247C-8B5A-28D3-60C7-AE42617AA72E}.Debug|Any CPU.Build.0 = Debug|Any CPU
		{BAE5247C-8B5A-28D3-60C7-AE42617AA72E}.Release|Any CPU.ActiveCfg = Release|Any CPU
		{BAE5247C-8B5A-28D3-60C7-AE42617AA72E}.Release|Any CPU.Build.0 = Release|Any CPU
	EndGlobalSection
	GlobalSection(SolutionProperties) = preSolution
		HideSolutionNode = FALSE
	EndGlobalSection
	GlobalSection(ExtensibilityGlobals) = postSolution
		SolutionGuid = {532D1CEA-2F8E-45D4-82E0-BF24859C753F}
	EndGlobalSection
EndGlobal
